
Microsoft Visual Studio Solution File, Format Version 12.00
# Visual Studio Version 17
VisualStudioVersion = 17.2.32516.85
MinimumVisualStudioVersion = 10.0.40219.1
Project("{FAE04EC0-301F-11D3-BF4B-00C04F79EFBC}") = "SimpleApi", "SimpleApi.csproj", "{58092F53-AC89-4574-A62F-140D56956F6D}"
EndProject
Global
	GlobalSection(SolutionConfigurationPlatforms) = preSolution
		Debug|Any CPU = Debug|Any CPU
		Release|Any CPU = Release|Any CPU
	EndGlobalSection
	GlobalSection(ProjectConfigurationPlatforms) = postSolution
		{58092F53-AC89-4574-A62F-140D56956F6D}.Debug|Any CPU.ActiveCfg = Debug|Any CPU
		{58092F53-AC89-4574-A62F-140D56956F6D}.Debug|Any CPU.Build.0 = Debug|Any CPU
		{58092F53-AC89-4574-A62F-140D56956F6D}.Release|Any CPU.ActiveCfg = Release|Any CPU
		{58092F53-AC89-4574-A62F-140D56956F6D}.Release|Any CPU.Build.0 = Release|Any CPU
	EndGlobalSection
	GlobalSection(SolutionProperties) = preSolution
		HideSolutionNode = FALSE
	EndGlobalSection
	GlobalSection(ExtensibilityGlobals) = postSolution
		SolutionGuid = {CE9D0B95-BE6E-4EB4-BFE9-638240C0E4CF}
	EndGlobalSection
EndGlobal
