
Microsoft Visual Studio Solution File, Format Version 12.00
# Visual Studio Version 17
VisualStudioVersion = 17.1.32407.343
MinimumVisualStudioVersion = 10.0.40219.1
Project("{FAE04EC0-301F-11D3-BF4B-00C04F79EFBC}") = "Msal Demo", "Msal Demo.csproj", "{EAAFECF7-416C-4B65-9334-7FE693BA65FE}"
EndProject
Global
	GlobalSection(SolutionConfigurationPlatforms) = preSolution
		Debug|Any CPU = Debug|Any CPU
		Release|Any CPU = Release|Any CPU
	EndGlobalSection
	GlobalSection(ProjectConfigurationPlatforms) = postSolution
		{EAAFECF7-416C-4B65-9334-7FE693BA65FE}.Debug|Any CPU.ActiveCfg = Debug|Any CPU
		{EAAFECF7-416C-4B65-9334-7FE693BA65FE}.Debug|Any CPU.Build.0 = Debug|Any CPU
		{EAAFECF7-416C-4B65-9334-7FE693BA65FE}.Release|Any CPU.ActiveCfg = Release|Any CPU
		{EAAFECF7-416C-4B65-9334-7FE693BA65FE}.Release|Any CPU.Build.0 = Release|Any CPU
	EndGlobalSection
	GlobalSection(SolutionProperties) = preSolution
		HideSolutionNode = FALSE
	EndGlobalSection
	GlobalSection(ExtensibilityGlobals) = postSolution
		SolutionGuid = {D05E4BB9-4BFC-497D-B63C-7CA5A698BBE7}
	EndGlobalSection
EndGlobal
